
Microsoft Visual Studio Solution File, Format Version 12.00
# Visual Studio Version 16
VisualStudioVersion = 16.0.34601.136
MinimumVisualStudioVersion = 10.0.40219.1
Project("{FAE04EC0-301F-11D3-BF4B-00C04F79EFBC}") = "ClotureEconomique.WebSite", "ClotureEconomique.WebSite\ClotureEconomique.WebSite.csproj", "{C8E1254F-927A-4BCF-A098-7D8E230558DB}"
EndProject
Global
	GlobalSection(SolutionConfigurationPlatforms) = preSolution
		Debug|Any CPU = Debug|Any CPU
		Release|Any CPU = Release|Any CPU
	EndGlobalSection
	GlobalSection(ProjectConfigurationPlatforms) = postSolution
		{C8E1254F-927A-4BCF-A098-7D8E230558DB}.Debug|Any CPU.ActiveCfg = Debug|Any CPU
		{C8E1254F-927A-4BCF-A098-7D8E230558DB}.Debug|Any CPU.Build.0 = Debug|Any CPU
		{C8E1254F-927A-4BCF-A098-7D8E230558DB}.Release|Any CPU.ActiveCfg = Release|Any CPU
		{C8E1254F-927A-4BCF-A098-7D8E230558DB}.Release|Any CPU.Build.0 = Release|Any CPU
	EndGlobalSection
	GlobalSection(SolutionProperties) = preSolution
		HideSolutionNode = FALSE
	EndGlobalSection
	GlobalSection(ExtensibilityGlobals) = postSolution
		SolutionGuid = {29ABA368-FD94-4B88-8036-764A59481FDF}
	EndGlobalSection
EndGlobal
